
Microsoft Visual Studio Solution File, Format Version 11.00
# Visual Studio 2010
Project("{FAE04EC0-301F-11D3-BF4B-00C04F79EFBC}") = "core", "core\core.csproj", "{7D14AAC5-A26F-437E-A183-B162047EE012}"
EndProject
Project("{FAE04EC0-301F-11D3-BF4B-00C04F79EFBC}") = "MainApplication", "MainApplication\MainApplication.csproj", "{382875DE-4A06-480A-A32F-225CF9CD804A}"
EndProject
Project("{FAE04EC0-301F-11D3-BF4B-00C04F79EFBC}") = "Services", "Services\Services.csproj", "{E804386E-2169-4B67-9BC7-B7FABF98F1DD}"
EndProject
Project("{FAE04EC0-301F-11D3-BF4B-00C04F79EFBC}") = "ServicesTests", "ServicesTests\ServicesTests.csproj", "{2BC4E35A-3249-4C61-98C0-572064F3BD0B}"
EndProject
Project("{2150E333-8FDC-42A3-9474-1A3956D46DE8}") = "Solution Items", "Solution Items", "{424D156C-4B0D-478E-808D-FA71C07E5E64}"
	ProjectSection(SolutionItems) = preProject
		core.vsmdi = core.vsmdi
		Local.testsettings = Local.testsettings
		TraceAndTestImpact.testsettings = TraceAndTestImpact.testsettings
	EndProjectSection
EndProject
Global
	GlobalSection(TestCaseManagementSettings) = postSolution
		CategoryFile = core.vsmdi
	EndGlobalSection
	GlobalSection(SolutionConfigurationPlatforms) = preSolution
		Debug|Any CPU = Debug|Any CPU
		Debug|Mixed Platforms = Debug|Mixed Platforms
		Debug|x86 = Debug|x86
		Release|Any CPU = Release|Any CPU
		Release|Mixed Platforms = Release|Mixed Platforms
		Release|x86 = Release|x86
	EndGlobalSection
	GlobalSection(ProjectConfigurationPlatforms) = postSolution
		{7D14AAC5-A26F-437E-A183-B162047EE012}.Debug|Any CPU.ActiveCfg = Debug|Any CPU
		{7D14AAC5-A26F-437E-A183-B162047EE012}.Debug|Any CPU.Build.0 = Debug|Any CPU
		{7D14AAC5-A26F-437E-A183-B162047EE012}.Debug|Mixed Platforms.ActiveCfg = Debug|Any CPU
		{7D14AAC5-A26F-437E-A183-B162047EE012}.Debug|Mixed Platforms.Build.0 = Debug|Any CPU
		{7D14AAC5-A26F-437E-A183-B162047EE012}.Debug|x86.ActiveCfg = Debug|Any CPU
		{7D14AAC5-A26F-437E-A183-B162047EE012}.Release|Any CPU.ActiveCfg = Release|Any CPU
		{7D14AAC5-A26F-437E-A183-B162047EE012}.Release|Any CPU.Build.0 = Release|Any CPU
		{7D14AAC5-A26F-437E-A183-B162047EE012}.Release|Mixed Platforms.ActiveCfg = Release|Any CPU
		{7D14AAC5-A26F-437E-A183-B162047EE012}.Release|Mixed Platforms.Build.0 = Release|Any CPU
		{7D14AAC5-A26F-437E-A183-B162047EE012}.Release|x86.ActiveCfg = Release|Any CPU
		{382875DE-4A06-480A-A32F-225CF9CD804A}.Debug|Any CPU.ActiveCfg = Debug|x86
		{382875DE-4A06-480A-A32F-225CF9CD804A}.Debug|Mixed Platforms.ActiveCfg = Debug|x86
		{382875DE-4A06-480A-A32F-225CF9CD804A}.Debug|Mixed Platforms.Build.0 = Debug|x86
		{382875DE-4A06-480A-A32F-225CF9CD804A}.Debug|x86.ActiveCfg = Debug|x86
		{382875DE-4A06-480A-A32F-225CF9CD804A}.Debug|x86.Build.0 = Debug|x86
		{382875DE-4A06-480A-A32F-225CF9CD804A}.Release|Any CPU.ActiveCfg = Release|x86
		{382875DE-4A06-480A-A32F-225CF9CD804A}.Release|Mixed Platforms.ActiveCfg = Release|x86
		{382875DE-4A06-480A-A32F-225CF9CD804A}.Release|Mixed Platforms.Build.0 = Release|x86
		{382875DE-4A06-480A-A32F-225CF9CD804A}.Release|x86.ActiveCfg = Release|x86
		{382875DE-4A06-480A-A32F-225CF9CD804A}.Release|x86.Build.0 = Release|x86
		{E804386E-2169-4B67-9BC7-B7FABF98F1DD}.Debug|Any CPU.ActiveCfg = Debug|Any CPU
		{E804386E-2169-4B67-9BC7-B7FABF98F1DD}.Debug|Any CPU.Build.0 = Debug|Any CPU
		{E804386E-2169-4B67-9BC7-B7FABF98F1DD}.Debug|Mixed Platforms.ActiveCfg = Debug|Any CPU
		{E804386E-2169-4B67-9BC7-B7FABF98F1DD}.Debug|Mixed Platforms.Build.0 = Debug|Any CPU
		{E804386E-2169-4B67-9BC7-B7FABF98F1DD}.Debug|x86.ActiveCfg = Debug|Any CPU
		{E804386E-2169-4B67-9BC7-B7FABF98F1DD}.Release|Any CPU.ActiveCfg = Release|Any CPU
		{E804386E-2169-4B67-9BC7-B7FABF98F1DD}.Release|Any CPU.Build.0 = Release|Any CPU
		{E804386E-2169-4B67-9BC7-B7FABF98F1DD}.Release|Mixed Platforms.ActiveCfg = Release|Any CPU
		{E804386E-2169-4B67-9BC7-B7FABF98F1DD}.Release|Mixed Platforms.Build.0 = Release|Any CPU
		{E804386E-2169-4B67-9BC7-B7FABF98F1DD}.Release|x86.ActiveCfg = Release|Any CPU
		{2BC4E35A-3249-4C61-98C0-572064F3BD0B}.Debug|Any CPU.ActiveCfg = Debug|Any CPU
		{2BC4E35A-3249-4C61-98C0-572064F3BD0B}.Debug|Any CPU.Build.0 = Debug|Any CPU
		{2BC4E35A-3249-4C61-98C0-572064F3BD0B}.Debug|Mixed Platforms.ActiveCfg = Debug|Any CPU
		{2BC4E35A-3249-4C61-98C0-572064F3BD0B}.Debug|Mixed Platforms.Build.0 = Debug|Any CPU
		{2BC4E35A-3249-4C61-98C0-572064F3BD0B}.Debug|x86.ActiveCfg = Debug|Any CPU
		{2BC4E35A-3249-4C61-98C0-572064F3BD0B}.Release|Any CPU.ActiveCfg = Release|Any CPU
		{2BC4E35A-3249-4C61-98C0-572064F3BD0B}.Release|Any CPU.Build.0 = Release|Any CPU
		{2BC4E35A-3249-4C61-98C0-572064F3BD0B}.Release|Mixed Platforms.ActiveCfg = Release|Any CPU
		{2BC4E35A-3249-4C61-98C0-572064F3BD0B}.Release|Mixed Platforms.Build.0 = Release|Any CPU
		{2BC4E35A-3249-4C61-98C0-572064F3BD0B}.Release|x86.ActiveCfg = Release|Any CPU
	EndGlobalSection
	GlobalSection(SolutionProperties) = preSolution
		HideSolutionNode = FALSE
	EndGlobalSection
EndGlobal
